
Microsoft Visual Studio Solution File, Format Version 12.00
# Visual Studio 15
VisualStudioVersion = 15.0.28010.2050
MinimumVisualStudioVersion = 10.0.40219.1
Project("{FAE04EC0-301F-11D3-BF4B-00C04F79EFBC}") = "TypeReferences", "TypeReferences.csproj", "{09EC8DCB-AD0A-4D66-B0BB-BA8CDB674DAC}"
EndProject
Project("{FAE04EC0-301F-11D3-BF4B-00C04F79EFBC}") = "TypeReferences.Core", "TypeReferences.Core\TypeReferences.Core.csproj", "{E3DBD73F-D8FA-47F7-AF15-42FF8867FF2A}"
EndProject
Project("{FAE04EC0-301F-11D3-BF4B-00C04F79EFBC}") = "TypeReferencesd.Core.Tests", "TypeReferencesd.Core.Tests\TypeReferencesd.Core.Tests.csproj", "{1629FD8C-283B-4235-9278-50A198AE2D22}"
EndProject
Global
	GlobalSection(SolutionConfigurationPlatforms) = preSolution
		Debug|Any CPU = Debug|Any CPU
		Release|Any CPU = Release|Any CPU
	EndGlobalSection
	GlobalSection(ProjectConfigurationPlatforms) = postSolution
		{09EC8DCB-AD0A-4D66-B0BB-BA8CDB674DAC}.Debug|Any CPU.ActiveCfg = Debug|Any CPU
		{09EC8DCB-AD0A-4D66-B0BB-BA8CDB674DAC}.Debug|Any CPU.Build.0 = Debug|Any CPU
		{09EC8DCB-AD0A-4D66-B0BB-BA8CDB674DAC}.Release|Any CPU.ActiveCfg = Release|Any CPU
		{09EC8DCB-AD0A-4D66-B0BB-BA8CDB674DAC}.Release|Any CPU.Build.0 = Release|Any CPU
		{E3DBD73F-D8FA-47F7-AF15-42FF8867FF2A}.Debug|Any CPU.ActiveCfg = Debug|Any CPU
		{E3DBD73F-D8FA-47F7-AF15-42FF8867FF2A}.Debug|Any CPU.Build.0 = Debug|Any CPU
		{E3DBD73F-D8FA-47F7-AF15-42FF8867FF2A}.Release|Any CPU.ActiveCfg = Release|Any CPU
		{E3DBD73F-D8FA-47F7-AF15-42FF8867FF2A}.Release|Any CPU.Build.0 = Release|Any CPU
		{1629FD8C-283B-4235-9278-50A198AE2D22}.Debug|Any CPU.ActiveCfg = Debug|Any CPU
		{1629FD8C-283B-4235-9278-50A198AE2D22}.Debug|Any CPU.Build.0 = Debug|Any CPU
		{1629FD8C-283B-4235-9278-50A198AE2D22}.Release|Any CPU.ActiveCfg = Release|Any CPU
		{1629FD8C-283B-4235-9278-50A198AE2D22}.Release|Any CPU.Build.0 = Release|Any CPU
	EndGlobalSection
	GlobalSection(SolutionProperties) = preSolution
		HideSolutionNode = FALSE
	EndGlobalSection
	GlobalSection(ExtensibilityGlobals) = postSolution
		SolutionGuid = {301B8CE6-73AF-416E-9152-4B777E5F1AC7}
	EndGlobalSection
EndGlobal
